// !$*UTF8*$!
{
	archiveVersion = 1;
	classes = {
	};
	objectVersion = 56;
	objects = {

/* Begin PBXBuildFile section */
		A1000001 /* iosAppApp.swift in Sources */ = {isa = PBXBuildFile; fileRef = A1000010 /* iosAppApp.swift */; };
		A1000002 /* ContentView.swift in Sources */ = {isa = PBXBuildFile; fileRef = A1000011 /* ContentView.swift */; };
		A1000003 /* Assets.xcassets in Resources */ = {isa = PBXBuildFile; fileRef = A1000012 /* Assets.xcassets */; };
		A1000004 /* SharedPackage in Frameworks */ = {isa = PBXBuildFile; productRef = A1000020 /* SharedPackage */; };
		A1000061 /* TextOffsetBridge.swift in Sources */ = {isa = PBXBuildFile; fileRef = A1000060 /* TextOffsetBridge.swift */; };
		A1000063 /* BufferViewModel.swift in Sources */ = {isa = PBXBuildFile; fileRef = A1000062 /* BufferViewModel.swift */; };
		A1000065 /* BufferEditor.swift in Sources */ = {isa = PBXBuildFile; fileRef = A1000064 /* BufferEditor.swift */; };
		A1000067 /* EditorPinchModifier.swift in Sources */ = {isa = PBXBuildFile; fileRef = A1000066 /* EditorPinchModifier.swift */; };
		A1000091 /* ChromeVisibility.swift in Sources */ = {isa = PBXBuildFile; fileRef = A1000090 /* ChromeVisibility.swift */; };
		A10000A1 /* TopPill.swift in Sources */ = {isa = PBXBuildFile; fileRef = A10000A0 /* TopPill.swift */; };
		A10000B1 /* BottomToolbar.swift in Sources */ = {isa = PBXBuildFile; fileRef = A10000B0 /* BottomToolbar.swift */; };
		A10000C1 /* MenuBubble.swift in Sources */ = {isa = PBXBuildFile; fileRef = A10000C0 /* MenuBubble.swift */; };
		A10000C3 /* MenuViewModel.swift in Sources */ = {isa = PBXBuildFile; fileRef = A10000C2 /* MenuViewModel.swift */; };
		A10000C5 /* RecoveryListViewModel.swift in Sources */ = {isa = PBXBuildFile; fileRef = A10000C4 /* RecoveryListViewModel.swift */; };
		A10000D1 /* ChromeOverlay.swift in Sources */ = {isa = PBXBuildFile; fileRef = A10000D0 /* ChromeOverlay.swift */; };
		A1000071 /* TextOffsetBridgeTests.swift in Sources */ = {isa = PBXBuildFile; fileRef = A1000070 /* TextOffsetBridgeTests.swift */; };
		A1000073 /* BufferViewModelTests.swift in Sources */ = {isa = PBXBuildFile; fileRef = A1000072 /* BufferViewModelTests.swift */; };
		A1000075 /* BufferEditorCoordinatorTests.swift in Sources */ = {isa = PBXBuildFile; fileRef = A1000074 /* BufferEditorCoordinatorTests.swift */; };
		A1000077 /* EditorPinchModifierTests.swift in Sources */ = {isa = PBXBuildFile; fileRef = A1000076 /* EditorPinchModifierTests.swift */; };
		A1000079 /* SurrogatePairOffsetTests.swift in Sources */ = {isa = PBXBuildFile; fileRef = A1000078 /* SurrogatePairOffsetTests.swift */; };
		A10000E1 /* ChromeVisibilityTests.swift in Sources */ = {isa = PBXBuildFile; fileRef = A10000E0 /* ChromeVisibilityTests.swift */; };
		A10000E3 /* MenuViewModelTests.swift in Sources */ = {isa = PBXBuildFile; fileRef = A10000E2 /* MenuViewModelTests.swift */; };
		A10000E5 /* RecoveryListViewModelTests.swift in Sources */ = {isa = PBXBuildFile; fileRef = A10000E4 /* RecoveryListViewModelTests.swift */; };
		A10000E7 /* IosRecoveryFactoryTests.swift in Sources */ = {isa = PBXBuildFile; fileRef = A10000E6 /* IosRecoveryFactoryTests.swift */; };
		A10000F1 /* LifecycleSaveCoordinator.swift in Sources */ = {isa = PBXBuildFile; fileRef = A10000F0 /* LifecycleSaveCoordinator.swift */; };
		A10000F3 /* LifecycleSaveCoordinatorTests.swift in Sources */ = {isa = PBXBuildFile; fileRef = A10000F2 /* LifecycleSaveCoordinatorTests.swift */; };
		A10000F5 /* ContentViewLifecycleTests.swift in Sources */ = {isa = PBXBuildFile; fileRef = A10000F4 /* ContentViewLifecycleTests.swift */; };
/* End PBXBuildFile section */

/* Begin PBXContainerItemProxy section */
		A1000087 /* PBXContainerItemProxy */ = {
			isa = PBXContainerItemProxy;
			containerPortal = A1000000 /* Project object */;
			proxyType = 1;
			remoteGlobalIDString = A1000008;
			remoteInfo = iosApp;
		};
/* End PBXContainerItemProxy section */

/* Begin PBXFileReference section */
		A1000009 /* iosApp.app */ = {isa = PBXFileReference; explicitFileType = wrapper.application; includeInIndex = 0; path = iosApp.app; sourceTree = BUILT_PRODUCTS_DIR; };
		A1000010 /* iosAppApp.swift */ = {isa = PBXFileReference; lastKnownFileType = sourcecode.swift; path = iosAppApp.swift; sourceTree = "<group>"; };
		A1000011 /* ContentView.swift */ = {isa = PBXFileReference; lastKnownFileType = sourcecode.swift; path = ContentView.swift; sourceTree = "<group>"; };
		A1000012 /* Assets.xcassets */ = {isa = PBXFileReference; lastKnownFileType = folder.assetcatalog; path = Assets.xcassets; sourceTree = "<group>"; };
		A1000013 /* Info.plist */ = {isa = PBXFileReference; lastKnownFileType = text.plist.xml; path = Info.plist; sourceTree = "<group>"; };
		A1000060 /* TextOffsetBridge.swift */ = {isa = PBXFileReference; lastKnownFileType = sourcecode.swift; path = Editor/TextOffsetBridge.swift; sourceTree = "<group>"; };
		A1000062 /* BufferViewModel.swift */ = {isa = PBXFileReference; lastKnownFileType = sourcecode.swift; path = Editor/BufferViewModel.swift; sourceTree = "<group>"; };
		A1000064 /* BufferEditor.swift */ = {isa = PBXFileReference; lastKnownFileType = sourcecode.swift; path = Editor/BufferEditor.swift; sourceTree = "<group>"; };
		A1000066 /* EditorPinchModifier.swift */ = {isa = PBXFileReference; lastKnownFileType = sourcecode.swift; path = Editor/EditorPinchModifier.swift; sourceTree = "<group>"; };
		A1000090 /* ChromeVisibility.swift */ = {isa = PBXFileReference; lastKnownFileType = sourcecode.swift; path = ChromeVisibility.swift; sourceTree = "<group>"; };
		A10000A0 /* TopPill.swift */ = {isa = PBXFileReference; lastKnownFileType = sourcecode.swift; path = TopPill.swift; sourceTree = "<group>"; };
		A10000B0 /* BottomToolbar.swift */ = {isa = PBXFileReference; lastKnownFileType = sourcecode.swift; path = BottomToolbar.swift; sourceTree = "<group>"; };
		A10000C0 /* MenuBubble.swift */ = {isa = PBXFileReference; lastKnownFileType = sourcecode.swift; path = MenuBubble.swift; sourceTree = "<group>"; };
		A10000C2 /* MenuViewModel.swift */ = {isa = PBXFileReference; lastKnownFileType = sourcecode.swift; path = MenuViewModel.swift; sourceTree = "<group>"; };
		A10000C4 /* RecoveryListViewModel.swift */ = {isa = PBXFileReference; lastKnownFileType = sourcecode.swift; path = RecoveryListViewModel.swift; sourceTree = "<group>"; };
		A10000D0 /* ChromeOverlay.swift */ = {isa = PBXFileReference; lastKnownFileType = sourcecode.swift; path = ChromeOverlay.swift; sourceTree = "<group>"; };
		A1000070 /* TextOffsetBridgeTests.swift */ = {isa = PBXFileReference; lastKnownFileType = sourcecode.swift; path = TextOffsetBridgeTests.swift; sourceTree = "<group>"; };
		A1000072 /* BufferViewModelTests.swift */ = {isa = PBXFileReference; lastKnownFileType = sourcecode.swift; path = BufferViewModelTests.swift; sourceTree = "<group>"; };
		A1000074 /* BufferEditorCoordinatorTests.swift */ = {isa = PBXFileReference; lastKnownFileType = sourcecode.swift; path = BufferEditorCoordinatorTests.swift; sourceTree = "<group>"; };
		A1000076 /* EditorPinchModifierTests.swift */ = {isa = PBXFileReference; lastKnownFileType = sourcecode.swift; path = EditorPinchModifierTests.swift; sourceTree = "<group>"; };
		A1000078 /* SurrogatePairOffsetTests.swift */ = {isa = PBXFileReference; lastKnownFileType = sourcecode.swift; path = SurrogatePairOffsetTests.swift; sourceTree = "<group>"; };
		A10000E0 /* ChromeVisibilityTests.swift */ = {isa = PBXFileReference; lastKnownFileType = sourcecode.swift; path = ChromeVisibilityTests.swift; sourceTree = "<group>"; };
		A10000E2 /* MenuViewModelTests.swift */ = {isa = PBXFileReference; lastKnownFileType = sourcecode.swift; path = MenuViewModelTests.swift; sourceTree = "<group>"; };
		A10000E4 /* RecoveryListViewModelTests.swift */ = {isa = PBXFileReference; lastKnownFileType = sourcecode.swift; path = RecoveryListViewModelTests.swift; sourceTree = "<group>"; };
		A10000E6 /* IosRecoveryFactoryTests.swift */ = {isa = PBXFileReference; lastKnownFileType = sourcecode.swift; path = IosRecoveryFactoryTests.swift; sourceTree = "<group>"; };
		A10000F0 /* LifecycleSaveCoordinator.swift */ = {isa = PBXFileReference; lastKnownFileType = sourcecode.swift; path = LifecycleSaveCoordinator.swift; sourceTree = "<group>"; };
		A10000F2 /* LifecycleSaveCoordinatorTests.swift */ = {isa = PBXFileReference; lastKnownFileType = sourcecode.swift; path = LifecycleSaveCoordinatorTests.swift; sourceTree = "<group>"; };
		A10000F4 /* ContentViewLifecycleTests.swift */ = {isa = PBXFileReference; lastKnownFileType = sourcecode.swift; path = ContentViewLifecycleTests.swift; sourceTree = "<group>"; };
		A1000086 /* iosAppTests.xctest */ = {isa = PBXFileReference; explicitFileType = wrapper.cfbundle; includeInIndex = 0; path = iosAppTests.xctest; sourceTree = BUILT_PRODUCTS_DIR; };
/* End PBXFileReference section */

/* Begin PBXFrameworksBuildPhase section */
		A1000006 /* Frameworks */ = {
			isa = PBXFrameworksBuildPhase;
			buildActionMask = 2147483647;
			files = (
				A1000004 /* SharedPackage in Frameworks */,
			);
			runOnlyForDeploymentPostprocessing = 0;
		};
		A1000081 /* Frameworks */ = {
			isa = PBXFrameworksBuildPhase;
			buildActionMask = 2147483647;
			files = (
			);
			runOnlyForDeploymentPostprocessing = 0;
		};
/* End PBXFrameworksBuildPhase section */

/* Begin PBXGroup section */
		A1000030 = {
			isa = PBXGroup;
			children = (
				A1000031 /* iosApp */,
				A1000089 /* iosAppTests */,
				A1000032 /* Products */,
			);
			sourceTree = "<group>";
		};
		A1000031 /* iosApp */ = {
			isa = PBXGroup;
			children = (
				A1000010 /* iosAppApp.swift */,
				A1000011 /* ContentView.swift */,
				A10000F0 /* LifecycleSaveCoordinator.swift */,
				A1000060 /* TextOffsetBridge.swift */,
				A1000062 /* BufferViewModel.swift */,
				A1000064 /* BufferEditor.swift */,
				A1000066 /* EditorPinchModifier.swift */,
				A1000092 /* Chrome */,
				A1000012 /* Assets.xcassets */,
				A1000013 /* Info.plist */,
			);
			path = iosApp;
			sourceTree = "<group>";
		};
		A1000092 /* Chrome */ = {
			isa = PBXGroup;
			children = (
				A1000090 /* ChromeVisibility.swift */,
				A10000A0 /* TopPill.swift */,
				A10000B0 /* BottomToolbar.swift */,
				A10000C0 /* MenuBubble.swift */,
				A10000C2 /* MenuViewModel.swift */,
				A10000C4 /* RecoveryListViewModel.swift */,
				A10000D0 /* ChromeOverlay.swift */,
			);
			path = Chrome;
			sourceTree = "<group>";
		};
		A1000032 /* Products */ = {
			isa = PBXGroup;
			children = (
				A1000009 /* iosApp.app */,
				A1000086 /* iosAppTests.xctest */,
			);
			name = Products;
			sourceTree = "<group>";
		};
		A1000089 /* iosAppTests */ = {
			isa = PBXGroup;
			children = (
				A1000070 /* TextOffsetBridgeTests.swift */,
				A1000072 /* BufferViewModelTests.swift */,
				A1000074 /* BufferEditorCoordinatorTests.swift */,
				A1000076 /* EditorPinchModifierTests.swift */,
				A1000078 /* SurrogatePairOffsetTests.swift */,
				A10000E0 /* ChromeVisibilityTests.swift */,
				A10000E2 /* MenuViewModelTests.swift */,
				A10000E4 /* RecoveryListViewModelTests.swift */,
				A10000E6 /* IosRecoveryFactoryTests.swift */,
				A10000F2 /* LifecycleSaveCoordinatorTests.swift */,
				A10000F4 /* ContentViewLifecycleTests.swift */,
			);
			path = iosAppTests;
			sourceTree = "<group>";
		};
/* End PBXGroup section */

/* Begin PBXNativeTarget section */
		A1000008 /* iosApp */ = {
			isa = PBXNativeTarget;
			buildConfigurationList = A1000040 /* Build configuration list for PBXNativeTarget "iosApp" */;
			buildPhases = (
				A1000005 /* Sources */,
				A1000006 /* Frameworks */,
				A1000007 /* Resources */,
			);
			buildRules = (
			);
			dependencies = (
			);
			name = iosApp;
			packageProductDependencies = (
				A1000020 /* SharedPackage */,
			);
			productName = iosApp;
			productReference = A1000009 /* iosApp.app */;
			productType = "com.apple.product-type.application";
		};
		A1000085 /* iosAppTests */ = {
			isa = PBXNativeTarget;
			buildConfigurationList = A1000084 /* Build configuration list for PBXNativeTarget "iosAppTests" */;
			buildPhases = (
				A1000080 /* Sources */,
				A1000081 /* Frameworks */,
			);
			buildRules = (
			);
			dependencies = (
				A1000088 /* PBXTargetDependency */,
			);
			name = iosAppTests;
			productName = iosAppTests;
			productReference = A1000086 /* iosAppTests.xctest */;
			productType = "com.apple.product-type.bundle.unit-test";
		};
/* End PBXNativeTarget section */

/* Begin PBXProject section */
		A1000000 /* Project object */ = {
			isa = PBXProject;
			attributes = {
				BuildIndependentTargetsInParallel = 1;
				LastSwiftUpdateCheck = 1600;
				LastUpgradeCheck = 1600;
				TargetAttributes = {
					A1000008 = {
						CreatedOnToolsVersion = 16.0;
					};
					A1000085 = {
						CreatedOnToolsVersion = 16.0;
						TestTargetID = A1000008;
					};
				};
			};
			buildConfigurationList = A1000050 /* Build configuration list for PBXProject "iosApp" */;
			compatibilityVersion = "Xcode 14.0";
			developmentRegion = en;
			hasScannedForEncodings = 0;
			knownRegions = (
				en,
				Base,
			);
			mainGroup = A1000030;
			packageReferences = (
				A1000021 /* XCLocalSwiftPackageReference "SharedPackage" */,
			);
			productRefGroup = A1000032 /* Products */;
			projectDirPath = "";
			projectRoot = "";
			targets = (
				A1000008 /* iosApp */,
				A1000085 /* iosAppTests */,
			);
		};
/* End PBXProject section */

/* Begin PBXResourcesBuildPhase section */
		A1000007 /* Resources */ = {
			isa = PBXResourcesBuildPhase;
			buildActionMask = 2147483647;
			files = (
				A1000003 /* Assets.xcassets in Resources */,
			);
			runOnlyForDeploymentPostprocessing = 0;
		};
/* End PBXResourcesBuildPhase section */

/* Begin PBXSourcesBuildPhase section */
		A1000005 /* Sources */ = {
			isa = PBXSourcesBuildPhase;
			buildActionMask = 2147483647;
			files = (
				A1000001 /* iosAppApp.swift in Sources */,
				A1000002 /* ContentView.swift in Sources */,
				A10000F1 /* LifecycleSaveCoordinator.swift in Sources */,
				A1000061 /* TextOffsetBridge.swift in Sources */,
				A1000063 /* BufferViewModel.swift in Sources */,
				A1000065 /* BufferEditor.swift in Sources */,
				A1000067 /* EditorPinchModifier.swift in Sources */,
				A1000091 /* ChromeVisibility.swift in Sources */,
				A10000A1 /* TopPill.swift in Sources */,
				A10000B1 /* BottomToolbar.swift in Sources */,
				A10000C1 /* MenuBubble.swift in Sources */,
				A10000C3 /* MenuViewModel.swift in Sources */,
				A10000C5 /* RecoveryListViewModel.swift in Sources */,
				A10000D1 /* ChromeOverlay.swift in Sources */,
			);
			runOnlyForDeploymentPostprocessing = 0;
		};
		A1000080 /* Sources */ = {
			isa = PBXSourcesBuildPhase;
			buildActionMask = 2147483647;
			files = (
				A1000071 /* TextOffsetBridgeTests.swift in Sources */,
				A1000073 /* BufferViewModelTests.swift in Sources */,
				A1000075 /* BufferEditorCoordinatorTests.swift in Sources */,
				A1000077 /* EditorPinchModifierTests.swift in Sources */,
				A1000079 /* SurrogatePairOffsetTests.swift in Sources */,
				A10000E1 /* ChromeVisibilityTests.swift in Sources */,
				A10000E3 /* MenuViewModelTests.swift in Sources */,
				A10000E5 /* RecoveryListViewModelTests.swift in Sources */,
				A10000E7 /* IosRecoveryFactoryTests.swift in Sources */,
				A10000F3 /* LifecycleSaveCoordinatorTests.swift in Sources */,
				A10000F5 /* ContentViewLifecycleTests.swift in Sources */,
			);
			runOnlyForDeploymentPostprocessing = 0;
		};
/* End PBXSourcesBuildPhase section */

/* Begin PBXTargetDependency section */
		A1000088 /* PBXTargetDependency */ = {
			isa = PBXTargetDependency;
			target = A1000008 /* iosApp */;
			targetProxy = A1000087 /* PBXContainerItemProxy */;
		};
/* End PBXTargetDependency section */

/* Begin XCBuildConfiguration section */
		A1000041 /* Debug */ = {
			isa = XCBuildConfiguration;
			buildSettings = {
				ASSETCATALOG_COMPILER_APPICON_NAME = AppIcon;
				CODE_SIGN_STYLE = Automatic;
				CURRENT_PROJECT_VERSION = 1;
				DEVELOPMENT_TEAM = "";
				ENABLE_TESTABILITY = YES;
				ENABLE_USER_SCRIPT_SANDBOXING = YES;
				GENERATE_INFOPLIST_FILE = NO;
				INFOPLIST_FILE = iosApp/Info.plist;
				IPHONEOS_DEPLOYMENT_TARGET = 26.0;
				MARKETING_VERSION = 1.0.0;
				PRODUCT_BUNDLE_IDENTIFIER = com.paolosantucci.foglietto;
				PRODUCT_NAME = iosApp;
				SWIFT_EMIT_LOC_STRINGS = YES;
				SWIFT_VERSION = 6.0;
				TARGETED_DEVICE_FAMILY = 1;
			};
			name = Debug;
		};
		A1000042 /* Release */ = {
			isa = XCBuildConfiguration;
			buildSettings = {
				ASSETCATALOG_COMPILER_APPICON_NAME = AppIcon;
				CODE_SIGN_STYLE = Automatic;
				CURRENT_PROJECT_VERSION = 1;
				DEVELOPMENT_TEAM = "";
				ENABLE_USER_SCRIPT_SANDBOXING = YES;
				GENERATE_INFOPLIST_FILE = NO;
				INFOPLIST_FILE = iosApp/Info.plist;
				IPHONEOS_DEPLOYMENT_TARGET = 26.0;
				MARKETING_VERSION = 1.0.0;
				PRODUCT_BUNDLE_IDENTIFIER = com.paolosantucci.foglietto;
				PRODUCT_NAME = iosApp;
				SWIFT_EMIT_LOC_STRINGS = YES;
				SWIFT_VERSION = 6.0;
				TARGETED_DEVICE_FAMILY = 1;
				VALIDATE_PRODUCT = YES;
			};
			name = Release;
		};
		A1000051 /* Debug */ = {
			isa = XCBuildConfiguration;
			buildSettings = {
				ALWAYS_SEARCH_USER_PATHS = NO;
				ASSETCATALOG_COMPILER_GENERATE_SWIFT_ASSET_SYMBOL_EXTENSIONS = YES;
				CLANG_ANALYZER_NONNULL = YES;
				CLANG_ANALYZER_NUMBER_OBJECT_CONVERSION = YES_AGGRESSIVE;
				CLANG_CXX_LANGUAGE_STANDARD = "gnu++20";
				CLANG_ENABLE_MODULES = YES;
				CLANG_ENABLE_OBJC_ARC = YES;
				CLANG_ENABLE_OBJC_WEAK = YES;
				CLANG_WARN_BLOCK_CAPTURE_AUTORELEASING = YES;
				CLANG_WARN_BOOL_CONVERSION = YES;
				CLANG_WARN_COMMA = YES;
				CLANG_WARN_CONSTANT_CONVERSION = YES;
				CLANG_WARN_DEPRECATED_OBJC_IMPLEMENTATIONS = YES;
				CLANG_WARN_DIRECT_OBJC_ISA_USAGE = YES_ERROR;
				CLANG_WARN_DOCUMENTATION_COMMENTS = YES;
				CLANG_WARN_EMPTY_BODY = YES;
				CLANG_WARN_ENUM_CONVERSION = YES;
				CLANG_WARN_INFINITE_RECURSION = YES;
				CLANG_WARN_INT_CONVERSION = YES;
				CLANG_WARN_NON_LITERAL_NULL_CONVERSION = YES;
				CLANG_WARN_OBJC_IMPLICIT_RETAIN_SELF = YES;
				CLANG_WARN_OBJC_LITERAL_CONVERSION = YES;
				CLANG_WARN_OBJC_ROOT_CLASS = YES_ERROR;
				CLANG_WARN_QUOTED_INCLUDE_IN_FRAMEWORK_HEADER = YES;
				CLANG_WARN_RANGE_LOOP_ANALYSIS = YES;
				CLANG_WARN_STRICT_PROTOTYPES = YES;
				CLANG_WARN_SUSPICIOUS_MOVE = YES;
				CLANG_WARN_UNGUARDED_AVAILABILITY = YES_AGGRESSIVE;
				CLANG_WARN_UNREACHABLE_CODE = YES;
				CLANG_WARN__DUPLICATE_METHOD_NAMES = YES;
				COPY_PHASE_STRIP = NO;
				DEBUG_INFORMATION_FORMAT = dwarf;
				ENABLE_STRICT_OBJC_MSGSEND = YES;
				ENABLE_TESTABILITY = YES;
				ENABLE_USER_SCRIPT_SANDBOXING = YES;
				GCC_C_LANGUAGE_STANDARD = gnu17;
				GCC_DYNAMIC_NO_PIC = NO;
				GCC_NO_COMMON_BLOCKS = YES;
				GCC_OPTIMIZATION_LEVEL = 0;
				GCC_PREPROCESSOR_DEFINITIONS = (
					"DEBUG=1",
					"$(inherited)",
				);
				GCC_WARN_64_TO_32_BIT_CONVERSION = YES;
				GCC_WARN_ABOUT_RETURN_TYPE = YES_ERROR;
				GCC_WARN_UNDECLARED_SELECTOR = YES;
				GCC_WARN_UNINITIALIZED_AUTOS = YES_AGGRESSIVE;
				GCC_WARN_UNUSED_FUNCTION = YES;
				GCC_WARN_UNUSED_VARIABLE = YES;
				IPHONEOS_DEPLOYMENT_TARGET = 26.0;
				MTL_ENABLE_DEBUG_INFO = INCLUDE_SOURCE;
				MTL_FAST_MATH = YES;
				ONLY_ACTIVE_ARCH = YES;
				SDKROOT = iphoneos;
				SWIFT_ACTIVE_COMPILATION_CONDITIONS = DEBUG;
				SWIFT_OPTIMIZATION_LEVEL = "-Onone";
			};
			name = Debug;
		};
		A1000052 /* Release */ = {
			isa = XCBuildConfiguration;
			buildSettings = {
				ALWAYS_SEARCH_USER_PATHS = NO;
				ASSETCATALOG_COMPILER_GENERATE_SWIFT_ASSET_SYMBOL_EXTENSIONS = YES;
				CLANG_ANALYZER_NONNULL = YES;
				CLANG_ANALYZER_NUMBER_OBJECT_CONVERSION = YES_AGGRESSIVE;
				CLANG_CXX_LANGUAGE_STANDARD = "gnu++20";
				CLANG_ENABLE_MODULES = YES;
				CLANG_ENABLE_OBJC_ARC = YES;
				CLANG_ENABLE_OBJC_WEAK = YES;
				CLANG_WARN_BLOCK_CAPTURE_AUTORELEASING = YES;
				CLANG_WARN_BOOL_CONVERSION = YES;
				CLANG_WARN_COMMA = YES;
				CLANG_WARN_CONSTANT_CONVERSION = YES;
				CLANG_WARN_DEPRECATED_OBJC_IMPLEMENTATIONS = YES;
				CLANG_WARN_DIRECT_OBJC_ISA_USAGE = YES_ERROR;
				CLANG_WARN_DOCUMENTATION_COMMENTS = YES;
				CLANG_WARN_EMPTY_BODY = YES;
				CLANG_WARN_ENUM_CONVERSION = YES;
				CLANG_WARN_INFINITE_RECURSION = YES;
				CLANG_WARN_INT_CONVERSION = YES;
				CLANG_WARN_NON_LITERAL_NULL_CONVERSION = YES;
				CLANG_WARN_OBJC_IMPLICIT_RETAIN_SELF = YES;
				CLANG_WARN_OBJC_LITERAL_CONVERSION = YES;
				CLANG_WARN_OBJC_ROOT_CLASS = YES_ERROR;
				CLANG_WARN_QUOTED_INCLUDE_IN_FRAMEWORK_HEADER = YES;
				CLANG_WARN_RANGE_LOOP_ANALYSIS = YES;
				CLANG_WARN_STRICT_PROTOTYPES = YES;
				CLANG_WARN_SUSPICIOUS_MOVE = YES;
				CLANG_WARN_UNGUARDED_AVAILABILITY = YES_AGGRESSIVE;
				CLANG_WARN_UNREACHABLE_CODE = YES;
				CLANG_WARN__DUPLICATE_METHOD_NAMES = YES;
				COPY_PHASE_STRIP = NO;
				DEBUG_INFORMATION_FORMAT = "dwarf-with-dsym";
				ENABLE_NS_ASSERTIONS = NO;
				ENABLE_STRICT_OBJC_MSGSEND = YES;
				ENABLE_USER_SCRIPT_SANDBOXING = YES;
				GCC_C_LANGUAGE_STANDARD = gnu17;
				GCC_NO_COMMON_BLOCKS = YES;
				GCC_WARN_64_TO_32_BIT_CONVERSION = YES;
				GCC_WARN_ABOUT_RETURN_TYPE = YES_ERROR;
				GCC_WARN_UNDECLARED_SELECTOR = YES;
				GCC_WARN_UNINITIALIZED_AUTOS = YES_AGGRESSIVE;
				GCC_WARN_UNUSED_FUNCTION = YES;
				GCC_WARN_UNUSED_VARIABLE = YES;
				IPHONEOS_DEPLOYMENT_TARGET = 26.0;
				MTL_FAST_MATH = YES;
				SDKROOT = iphoneos;
				SWIFT_COMPILATION_MODE = wholemodule;
				SWIFT_OPTIMIZATION_LEVEL = "-O";
				VALIDATE_PRODUCT = YES;
			};
			name = Release;
		};
		A1000082 /* Debug */ = {
			isa = XCBuildConfiguration;
			buildSettings = {
				BUNDLE_LOADER = "$(TEST_HOST)";
				CODE_SIGN_STYLE = Automatic;
				CURRENT_PROJECT_VERSION = 1;
				DEVELOPMENT_TEAM = "";
				GENERATE_INFOPLIST_FILE = YES;
				IPHONEOS_DEPLOYMENT_TARGET = 26.0;
				PRODUCT_BUNDLE_IDENTIFIER = com.paolosantucci.foglietto.iosAppTests;
				PRODUCT_NAME = iosAppTests;
				SWIFT_VERSION = 6.0;
				TARGETED_DEVICE_FAMILY = 1;
				TEST_HOST = "$(BUILT_PRODUCTS_DIR)/iosApp.app/$(BUNDLE_EXECUTABLE_FOLDER_PATH)/iosApp";
			};
			name = Debug;
		};
		A1000083 /* Release */ = {
			isa = XCBuildConfiguration;
			buildSettings = {
				BUNDLE_LOADER = "$(TEST_HOST)";
				CODE_SIGN_STYLE = Automatic;
				CURRENT_PROJECT_VERSION = 1;
				DEVELOPMENT_TEAM = "";
				GENERATE_INFOPLIST_FILE = YES;
				IPHONEOS_DEPLOYMENT_TARGET = 26.0;
				PRODUCT_BUNDLE_IDENTIFIER = com.paolosantucci.foglietto.iosAppTests;
				PRODUCT_NAME = iosAppTests;
				SWIFT_VERSION = 6.0;
				TARGETED_DEVICE_FAMILY = 1;
				TEST_HOST = "$(BUILT_PRODUCTS_DIR)/iosApp.app/$(BUNDLE_EXECUTABLE_FOLDER_PATH)/iosApp";
				VALIDATE_PRODUCT = YES;
			};
			name = Release;
		};
/* End XCBuildConfiguration section */

/* Begin XCConfigurationList section */
		A1000040 /* Build configuration list for PBXNativeTarget "iosApp" */ = {
			isa = XCConfigurationList;
			buildConfigurations = (
				A1000041 /* Debug */,
				A1000042 /* Release */,
			);
			defaultConfigurationIsVisible = 0;
			defaultConfigurationName = Release;
		};
		A1000050 /* Build configuration list for PBXProject "iosApp" */ = {
			isa = XCConfigurationList;
			buildConfigurations = (
				A1000051 /* Debug */,
				A1000052 /* Release */,
			);
			defaultConfigurationIsVisible = 0;
			defaultConfigurationName = Release;
		};
		A1000084 /* Build configuration list for PBXNativeTarget "iosAppTests" */ = {
			isa = XCConfigurationList;
			buildConfigurations = (
				A1000082 /* Debug */,
				A1000083 /* Release */,
			);
			defaultConfigurationIsVisible = 0;
			defaultConfigurationName = Release;
		};
/* End XCConfigurationList section */

/* Begin XCLocalSwiftPackageReference section */
		A1000021 /* XCLocalSwiftPackageReference "SharedPackage" */ = {
			isa = XCLocalSwiftPackageReference;
			relativePath = SharedPackage;
		};
/* End XCLocalSwiftPackageReference section */

/* Begin XCSwiftPackageProductDependency section */
		A1000020 /* SharedPackage */ = {
			isa = XCSwiftPackageProductDependency;
			package = A1000021 /* XCLocalSwiftPackageReference "SharedPackage" */;
			productName = SharedPackage;
		};
/* End XCSwiftPackageProductDependency section */

	};
	rootObject = A1000000 /* Project object */;
}
